
Microsoft Visual Studio Solution File, Format Version 12.00
# Visual Studio 15
VisualStudioVersion = 15.0.28307.1800
MinimumVisualStudioVersion = 10.0.40219.1
Project("{FAE04EC0-301F-11D3-BF4B-00C04F79EFBC}") = "ChitkaraWebApp", "ChitkaraWebApp\ChitkaraWebApp.csproj", "{1D044902-526A-452A-B8CE-4497B384337E}"
EndProject
Global
	GlobalSection(SolutionConfigurationPlatforms) = preSolution
		Debug|Any CPU = Debug|Any CPU
		Release|Any CPU = Release|Any CPU
	EndGlobalSection
	GlobalSection(ProjectConfigurationPlatforms) = postSolution
		{1D044902-526A-452A-B8CE-4497B384337E}.Debug|Any CPU.ActiveCfg = Debug|Any CPU
		{1D044902-526A-452A-B8CE-4497B384337E}.Debug|Any CPU.Build.0 = Debug|Any CPU
		{1D044902-526A-452A-B8CE-4497B384337E}.Release|Any CPU.ActiveCfg = Release|Any CPU
		{1D044902-526A-452A-B8CE-4497B384337E}.Release|Any CPU.Build.0 = Release|Any CPU
	EndGlobalSection
	GlobalSection(SolutionProperties) = preSolution
		HideSolutionNode = FALSE
	EndGlobalSection
	GlobalSection(ExtensibilityGlobals) = postSolution
		SolutionGuid = {2B4B91D9-E94C-4E8D-8BEF-4D179E1A627C}
	EndGlobalSection
EndGlobal
